{
  "version": 4,
  "terraform_version": "0.15.3",
  "serial": 10,
  "lineage": "908a1c1b-3386-9503-58c6-c699e8f64ee9",
  "outputs": {},
  "resources": [
    {
      "mode": "managed",
      "type": "azurerm_resource_group",
      "name": "rg",
      "provider": "provider[\"registry.terraform.io/hashicorp/azurerm\"]",
      "instances": [
        {
          "schema_version": 0,
          "attributes": {
            "id": "/subscriptions/622717bf-f254-4898-a6c0-1cd0b5aa825e/resourceGroups/azterraform-101",
            "location": "eastasia",
            "name": "azterraform-101",
            "tags": {
              "environment": "dev",
              "source": "Terraform"
            },
            "timeouts": null
          },
          "sensitive_attributes": [],
          "private": "eyJlMmJmYjczMC1lY2FhLTExZTYtOGY4OC0zNDM2M2JjN2M0YzAiOnsiY3JlYXRlIjo1NDAwMDAwMDAwMDAwLCJkZWxldGUiOjU0MDAwMDAwMDAwMDAsInJlYWQiOjMwMDAwMDAwMDAwMCwidXBkYXRlIjo1NDAwMDAwMDAwMDAwfX0="
        }
      ]
    },
    {
      "mode": "managed",
      "type": "azurerm_sql_database",
      "name": "example",
      "provider": "provider[\"registry.terraform.io/hashicorp/azurerm\"]",
      "instances": [
        {
          "schema_version": 0,
          "attributes": {
            "collation": "SQL_Latin1_General_CP1_CI_AS",
            "create_mode": "Default",
            "creation_date": "2021-05-21T23:18:27.247Z",
            "default_secondary_location": "Southeast Asia",
            "edition": "GeneralPurpose",
            "elastic_pool_name": "",
            "encryption": "",
            "extended_auditing_policy": [
              {
                "retention_in_days": 6,
                "storage_account_access_key": "ljzjHVDhb1oISxt74R6CHGGReXa/XXAGgFKL8E8xS7WxGocBBSDpE8hSIZaDInssAdQ+CeUsVC5BAv0dFrCT+Q==",
                "storage_account_access_key_is_secondary": true,
                "storage_endpoint": "https://exmplestorage.blob.core.windows.net/"
              }
            ],
            "id": "/subscriptions/622717bf-f254-4898-a6c0-1cd0b5aa825e/resourceGroups/azterraform-101/providers/Microsoft.Sql/servers/example-sqlserver/databases/example-sqldb",
            "import": [],
            "location": "eastasia",
            "max_size_bytes": "34359738368",
            "max_size_gb": null,
            "name": "example-sqldb",
            "read_scale": false,
            "requested_service_objective_id": "f21733ad-9b9b-4d4e-a4fa-94a133c41718",
            "requested_service_objective_name": "GP_Gen5_2",
            "resource_group_name": "azterraform-101",
            "restore_point_in_time": null,
            "server_name": "example-sqlserver",
            "source_database_deletion_date": null,
            "source_database_id": null,
            "tags": {
              "environment": "development"
            },
            "threat_detection_policy": [
              {
                "disabled_alerts": [],
                "email_account_admins": "Disabled",
                "email_addresses": [],
                "retention_days": 0,
                "state": "Disabled",
                "storage_account_access_key": "",
                "storage_endpoint": "",
                "use_server_default": "Disabled"
              }
            ],
            "timeouts": null,
            "zone_redundant": false
          },
          "sensitive_attributes": [
            [
              {
                "type": "get_attr",
                "value": "extended_auditing_policy"
              },
              {
                "type": "index",
                "value": {
                  "value": 0,
                  "type": "number"
                }
              },
              {
                "type": "get_attr",
                "value": "storage_account_access_key"
              }
            ]
          ],
          "private": "eyJlMmJmYjczMC1lY2FhLTExZTYtOGY4OC0zNDM2M2JjN2M0YzAiOnsiY3JlYXRlIjozNjAwMDAwMDAwMDAwLCJkZWxldGUiOjM2MDAwMDAwMDAwMDAsInJlYWQiOjMwMDAwMDAwMDAwMCwidXBkYXRlIjozNjAwMDAwMDAwMDAwfX0=",
          "dependencies": [
            "azurerm_storage_account.example"
          ]
        }
      ]
    },
    {
      "mode": "managed",
      "type": "azurerm_sql_server",
      "name": "example",
      "provider": "provider[\"registry.terraform.io/hashicorp/azurerm\"]",
      "instances": [
        {
          "schema_version": 0,
          "attributes": {
            "administrator_login": "yohan",
            "administrator_login_password": "terraform-123",
            "connection_policy": "Default",
            "extended_auditing_policy": [],
            "fully_qualified_domain_name": "example-sqlserver.database.windows.net",
            "id": "/subscriptions/622717bf-f254-4898-a6c0-1cd0b5aa825e/resourceGroups/azterraform-101/providers/Microsoft.Sql/servers/example-sqlserver",
            "identity": [],
            "location": "eastasia",
            "name": "example-sqlserver",
            "resource_group_name": "azterraform-101",
            "tags": {
              "environment": "development"
            },
            "timeouts": null,
            "version": "12.0"
          },
          "sensitive_attributes": [],
          "private": "eyJlMmJmYjczMC1lY2FhLTExZTYtOGY4OC0zNDM2M2JjN2M0YzAiOnsiY3JlYXRlIjozNjAwMDAwMDAwMDAwLCJkZWxldGUiOjM2MDAwMDAwMDAwMDAsInJlYWQiOjMwMDAwMDAwMDAwMCwidXBkYXRlIjozNjAwMDAwMDAwMDAwfX0="
        }
      ]
    },
    {
      "mode": "managed",
      "type": "azurerm_storage_account",
      "name": "example",
      "provider": "provider[\"registry.terraform.io/hashicorp/azurerm\"]",
      "instances": [
        {
          "schema_version": 2,
          "attributes": {
            "access_tier": "Hot",
            "account_kind": "StorageV2",
            "account_replication_type": "LRS",
            "account_tier": "Standard",
            "allow_blob_public_access": false,
            "blob_properties": [],
            "custom_domain": [],
            "enable_https_traffic_only": true,
            "id": "/subscriptions/622717bf-f254-4898-a6c0-1cd0b5aa825e/resourceGroups/azterraform-101/providers/Microsoft.Storage/storageAccounts/exmplestorage",
            "identity": [],
            "is_hns_enabled": false,
            "large_file_share_enabled": null,
            "location": "eastasia",
            "min_tls_version": "TLS1_0",
            "name": "exmplestorage",
            "network_rules": [
              {
                "bypass": [
                  "AzureServices"
                ],
                "default_action": "Allow",
                "ip_rules": [],
                "virtual_network_subnet_ids": []
              }
            ],
            "primary_access_key": "ljzjHVDhb1oISxt74R6CHGGReXa/XXAGgFKL8E8xS7WxGocBBSDpE8hSIZaDInssAdQ+CeUsVC5BAv0dFrCT+Q==",
            "primary_blob_connection_string": "DefaultEndpointsProtocol=https;BlobEndpoint=https://exmplestorage.blob.core.windows.net/;AccountName=exmplestorage;AccountKey=ljzjHVDhb1oISxt74R6CHGGReXa/XXAGgFKL8E8xS7WxGocBBSDpE8hSIZaDInssAdQ+CeUsVC5BAv0dFrCT+Q==",
            "primary_blob_endpoint": "https://exmplestorage.blob.core.windows.net/",
            "primary_blob_host": "exmplestorage.blob.core.windows.net",
            "primary_connection_string": "DefaultEndpointsProtocol=https;AccountName=exmplestorage;AccountKey=ljzjHVDhb1oISxt74R6CHGGReXa/XXAGgFKL8E8xS7WxGocBBSDpE8hSIZaDInssAdQ+CeUsVC5BAv0dFrCT+Q==;EndpointSuffix=core.windows.net",
            "primary_dfs_endpoint": "https://exmplestorage.dfs.core.windows.net/",
            "primary_dfs_host": "exmplestorage.dfs.core.windows.net",
            "primary_file_endpoint": "https://exmplestorage.file.core.windows.net/",
            "primary_file_host": "exmplestorage.file.core.windows.net",
            "primary_location": "eastasia",
            "primary_queue_endpoint": "https://exmplestorage.queue.core.windows.net/",
            "primary_queue_host": "exmplestorage.queue.core.windows.net",
            "primary_table_endpoint": "https://exmplestorage.table.core.windows.net/",
            "primary_table_host": "exmplestorage.table.core.windows.net",
            "primary_web_endpoint": "https://exmplestorage.z7.web.core.windows.net/",
            "primary_web_host": "exmplestorage.z7.web.core.windows.net",
            "queue_properties": [
              {
                "cors_rule": [],
                "hour_metrics": [
                  {
                    "enabled": true,
                    "include_apis": true,
                    "retention_policy_days": 7,
                    "version": "1.0"
                  }
                ],
                "logging": [
                  {
                    "delete": false,
                    "read": false,
                    "retention_policy_days": 0,
                    "version": "1.0",
                    "write": false
                  }
                ],
                "minute_metrics": [
                  {
                    "enabled": false,
                    "include_apis": false,
                    "retention_policy_days": 0,
                    "version": "1.0"
                  }
                ]
              }
            ],
            "resource_group_name": "azterraform-101",
            "secondary_access_key": "Jt2kO6DprEvBzu/B4IIqpV4SyNM21VlzdpSEiH087nFiETILIklexx/DfpyZSq9NHoIgJR+yOOujVUZDR19W4A==",
            "secondary_blob_connection_string": "",
            "secondary_blob_endpoint": null,
            "secondary_blob_host": null,
            "secondary_connection_string": "DefaultEndpointsProtocol=https;AccountName=exmplestorage;AccountKey=Jt2kO6DprEvBzu/B4IIqpV4SyNM21VlzdpSEiH087nFiETILIklexx/DfpyZSq9NHoIgJR+yOOujVUZDR19W4A==;EndpointSuffix=core.windows.net",
            "secondary_dfs_endpoint": null,
            "secondary_dfs_host": null,
            "secondary_file_endpoint": null,
            "secondary_file_host": null,
            "secondary_location": "",
            "secondary_queue_endpoint": null,
            "secondary_queue_host": null,
            "secondary_table_endpoint": null,
            "secondary_table_host": null,
            "secondary_web_endpoint": null,
            "secondary_web_host": null,
            "static_website": [],
            "tags": {},
            "timeouts": null
          },
          "sensitive_attributes": [],
          "private": "eyJlMmJmYjczMC1lY2FhLTExZTYtOGY4OC0zNDM2M2JjN2M0YzAiOnsiY3JlYXRlIjozNjAwMDAwMDAwMDAwLCJkZWxldGUiOjM2MDAwMDAwMDAwMDAsInJlYWQiOjMwMDAwMDAwMDAwMCwidXBkYXRlIjozNjAwMDAwMDAwMDAwfSwic2NoZW1hX3ZlcnNpb24iOiIyIn0="
        }
      ]
    }
  ]
}
